
Microsoft Visual Studio Solution File, Format Version 12.00
# Visual Studio Version 16
VisualStudioVersion = 16.0.30104.148
MinimumVisualStudioVersion = 10.0.40219.1
Project("{9A19103F-16F7-4668-BE54-9A1E7A4F7556}") = "SEP6", "SEP6\SEP6.csproj", "{FD01BF0C-9E4C-4470-AA5E-390CEF7FC9A8}"
EndProject
Project("{9A19103F-16F7-4668-BE54-9A1E7A4F7556}") = "DataAccessLibrary", "SEP6\DataAccessLibrary\DataAccessLibrary\DataAccessLibrary.csproj", "{1A1199EE-7537-4052-9B03-F7F4BA55C6C1}"
EndProject
Global
	GlobalSection(SolutionConfigurationPlatforms) = preSolution
		Debug|Any CPU = Debug|Any CPU
		Release|Any CPU = Release|Any CPU
	EndGlobalSection
	GlobalSection(ProjectConfigurationPlatforms) = postSolution
		{FD01BF0C-9E4C-4470-AA5E-390CEF7FC9A8}.Debug|Any CPU.ActiveCfg = Debug|Any CPU
		{FD01BF0C-9E4C-4470-AA5E-390CEF7FC9A8}.Debug|Any CPU.Build.0 = Debug|Any CPU
		{FD01BF0C-9E4C-4470-AA5E-390CEF7FC9A8}.Release|Any CPU.ActiveCfg = Release|Any CPU
		{FD01BF0C-9E4C-4470-AA5E-390CEF7FC9A8}.Release|Any CPU.Build.0 = Release|Any CPU
		{1A1199EE-7537-4052-9B03-F7F4BA55C6C1}.Debug|Any CPU.ActiveCfg = Debug|Any CPU
		{1A1199EE-7537-4052-9B03-F7F4BA55C6C1}.Debug|Any CPU.Build.0 = Debug|Any CPU
		{1A1199EE-7537-4052-9B03-F7F4BA55C6C1}.Release|Any CPU.ActiveCfg = Release|Any CPU
		{1A1199EE-7537-4052-9B03-F7F4BA55C6C1}.Release|Any CPU.Build.0 = Release|Any CPU
	EndGlobalSection
	GlobalSection(SolutionProperties) = preSolution
		HideSolutionNode = FALSE
	EndGlobalSection
	GlobalSection(ExtensibilityGlobals) = postSolution
		SolutionGuid = {2E83EB63-4AF7-423D-82DD-8884E4B9E8B8}
	EndGlobalSection
EndGlobal
