
Microsoft Visual Studio Solution File, Format Version 12.00
# Visual Studio Version 16
VisualStudioVersion = 16.0.30114.105
MinimumVisualStudioVersion = 10.0.40219.1
Project("{9A19103F-16F7-4668-BE54-9A1E7A4F7556}") = "BlazorAppTutorial", "BlazorAppTutorial.csproj", "{280B2ADB-04C0-4BAA-B218-09B04997B143}"
EndProject
Project("{FAE04EC0-301F-11D3-BF4B-00C04F79EFBC}") = "DataAccessLibrary", "..\DataAccessLibrary\DataAccessLibrary.csproj", "{A2183F7C-B92A-4683-A28E-9C3166249B64}"
EndProject
Global
	GlobalSection(SolutionConfigurationPlatforms) = preSolution
		Debug|Any CPU = Debug|Any CPU
		Release|Any CPU = Release|Any CPU
	EndGlobalSection
	GlobalSection(ProjectConfigurationPlatforms) = postSolution
		{280B2ADB-04C0-4BAA-B218-09B04997B143}.Debug|Any CPU.ActiveCfg = Debug|Any CPU
		{280B2ADB-04C0-4BAA-B218-09B04997B143}.Debug|Any CPU.Build.0 = Debug|Any CPU
		{280B2ADB-04C0-4BAA-B218-09B04997B143}.Release|Any CPU.ActiveCfg = Release|Any CPU
		{280B2ADB-04C0-4BAA-B218-09B04997B143}.Release|Any CPU.Build.0 = Release|Any CPU
		{A2183F7C-B92A-4683-A28E-9C3166249B64}.Debug|Any CPU.ActiveCfg = Debug|Any CPU
		{A2183F7C-B92A-4683-A28E-9C3166249B64}.Debug|Any CPU.Build.0 = Debug|Any CPU
		{A2183F7C-B92A-4683-A28E-9C3166249B64}.Release|Any CPU.ActiveCfg = Release|Any CPU
		{A2183F7C-B92A-4683-A28E-9C3166249B64}.Release|Any CPU.Build.0 = Release|Any CPU
	EndGlobalSection
	GlobalSection(SolutionProperties) = preSolution
		HideSolutionNode = FALSE
	EndGlobalSection
	GlobalSection(ExtensibilityGlobals) = postSolution
		SolutionGuid = {4829E6AB-85FB-4766-80FA-ECBD57DC0B74}
	EndGlobalSection
EndGlobal
